// !$*UTF8*$!
{
	archiveVersion = 1;
	classes = {
	};
	objectVersion = 52;
	objects = {

/* Begin PBXBuildFile section */
		350E5C9A2342929500264112 /* CalculatorButtonModel.swift in Sources */ = {isa = PBXBuildFile; fileRef = 350E5C992342929500264112 /* CalculatorButtonModel.swift */; };
		354DFB32234102D60087DE65 /* AppDelegate.swift in Sources */ = {isa = PBXBuildFile; fileRef = 354DFB31234102D60087DE65 /* AppDelegate.swift */; };
		354DFB34234102D60087DE65 /* SceneDelegate.swift in Sources */ = {isa = PBXBuildFile; fileRef = 354DFB33234102D60087DE65 /* SceneDelegate.swift */; };
		354DFB3B234102D60087DE65 /* Assets.xcassets in Resources */ = {isa = PBXBuildFile; fileRef = 354DFB3A234102D60087DE65 /* Assets.xcassets */; };
		354DFB3E234102D60087DE65 /* LaunchScreen.storyboard in Resources */ = {isa = PBXBuildFile; fileRef = 354DFB3C234102D60087DE65 /* LaunchScreen.storyboard */; };
		354DFB4A234103480087DE65 /* .gitignore in Resources */ = {isa = PBXBuildFile; fileRef = 354DFB49234103480087DE65 /* .gitignore */; };
		354DFB4C234103500087DE65 /* MainScreenViewController.swift in Sources */ = {isa = PBXBuildFile; fileRef = 354DFB4B234103500087DE65 /* MainScreenViewController.swift */; };
		354DFB4F234104540087DE65 /* SnapKit in Frameworks */ = {isa = PBXBuildFile; productRef = 354DFB4E234104540087DE65 /* SnapKit */; };
		354DFB512341059B0087DE65 /* Config.swift in Sources */ = {isa = PBXBuildFile; fileRef = 354DFB502341059B0087DE65 /* Config.swift */; };
		354DFB55234109CD0087DE65 /* Calculator.swift in Sources */ = {isa = PBXBuildFile; fileRef = 354DFB54234109CD0087DE65 /* Calculator.swift */; };
		354DFB58234122A00087DE65 /* CalculatorCollectionViewCell.swift in Sources */ = {isa = PBXBuildFile; fileRef = 354DFB57234122A00087DE65 /* CalculatorCollectionViewCell.swift */; };
		35CBF76D23420A530035CB23 /* ALS_SPb.otf in Resources */ = {isa = PBXBuildFile; fileRef = 35CBF76C23420A530035CB23 /* ALS_SPb.otf */; };
/* End PBXBuildFile section */

/* Begin PBXFileReference section */
		350E5C992342929500264112 /* CalculatorButtonModel.swift */ = {isa = PBXFileReference; lastKnownFileType = sourcecode.swift; path = CalculatorButtonModel.swift; sourceTree = "<group>"; };
		354DFB2E234102D60087DE65 /* calculatorApp.app */ = {isa = PBXFileReference; explicitFileType = wrapper.application; includeInIndex = 0; path = calculatorApp.app; sourceTree = BUILT_PRODUCTS_DIR; };
		354DFB31234102D60087DE65 /* AppDelegate.swift */ = {isa = PBXFileReference; lastKnownFileType = sourcecode.swift; path = AppDelegate.swift; sourceTree = "<group>"; };
		354DFB33234102D60087DE65 /* SceneDelegate.swift */ = {isa = PBXFileReference; lastKnownFileType = sourcecode.swift; path = SceneDelegate.swift; sourceTree = "<group>"; };
		354DFB3A234102D60087DE65 /* Assets.xcassets */ = {isa = PBXFileReference; lastKnownFileType = folder.assetcatalog; path = Assets.xcassets; sourceTree = "<group>"; };
		354DFB3D234102D60087DE65 /* Base */ = {isa = PBXFileReference; lastKnownFileType = file.storyboard; name = Base; path = Base.lproj/LaunchScreen.storyboard; sourceTree = "<group>"; };
		354DFB3F234102D60087DE65 /* Info.plist */ = {isa = PBXFileReference; lastKnownFileType = text.plist.xml; path = Info.plist; sourceTree = "<group>"; };
		354DFB49234103480087DE65 /* .gitignore */ = {isa = PBXFileReference; fileEncoding = 4; lastKnownFileType = text; path = .gitignore; sourceTree = "<group>"; };
		354DFB4B234103500087DE65 /* MainScreenViewController.swift */ = {isa = PBXFileReference; fileEncoding = 4; lastKnownFileType = sourcecode.swift; path = MainScreenViewController.swift; sourceTree = "<group>"; };
		354DFB502341059B0087DE65 /* Config.swift */ = {isa = PBXFileReference; lastKnownFileType = sourcecode.swift; path = Config.swift; sourceTree = "<group>"; };
		354DFB54234109CD0087DE65 /* Calculator.swift */ = {isa = PBXFileReference; lastKnownFileType = sourcecode.swift; path = Calculator.swift; sourceTree = "<group>"; };
		354DFB57234122A00087DE65 /* CalculatorCollectionViewCell.swift */ = {isa = PBXFileReference; lastKnownFileType = sourcecode.swift; path = CalculatorCollectionViewCell.swift; sourceTree = "<group>"; };
		35CBF76C23420A530035CB23 /* ALS_SPb.otf */ = {isa = PBXFileReference; lastKnownFileType = file; path = ALS_SPb.otf; sourceTree = "<group>"; };
/* End PBXFileReference section */

/* Begin PBXFrameworksBuildPhase section */
		354DFB2B234102D60087DE65 /* Frameworks */ = {
			isa = PBXFrameworksBuildPhase;
			buildActionMask = 2147483647;
			files = (
				354DFB4F234104540087DE65 /* SnapKit in Frameworks */,
			);
			runOnlyForDeploymentPostprocessing = 0;
		};
/* End PBXFrameworksBuildPhase section */

/* Begin PBXGroup section */
		350E5C982342927D00264112 /* Model */ = {
			isa = PBXGroup;
			children = (
				350E5C992342929500264112 /* CalculatorButtonModel.swift */,
			);
			path = Model;
			sourceTree = "<group>";
		};
		354DFB25234102D60087DE65 = {
			isa = PBXGroup;
			children = (
				354DFB49234103480087DE65 /* .gitignore */,
				354DFB30234102D60087DE65 /* calculatorApp */,
				354DFB2F234102D60087DE65 /* Products */,
			);
			sourceTree = "<group>";
		};
		354DFB2F234102D60087DE65 /* Products */ = {
			isa = PBXGroup;
			children = (
				354DFB2E234102D60087DE65 /* calculatorApp.app */,
			);
			name = Products;
			sourceTree = "<group>";
		};
		354DFB30234102D60087DE65 /* calculatorApp */ = {
			isa = PBXGroup;
			children = (
				354DFB48234102FA0087DE65 /* App */,
				350E5C982342927D00264112 /* Model */,
				354DFB47234102F40087DE65 /* Services */,
				354DFB46234102EE0087DE65 /* Views */,
				354DFB45234102E50087DE65 /* Supporting files */,
				354DFB3A234102D60087DE65 /* Assets.xcassets */,
				354DFB3C234102D60087DE65 /* LaunchScreen.storyboard */,
			);
			path = calculatorApp;
			sourceTree = "<group>";
		};
		354DFB45234102E50087DE65 /* Supporting files */ = {
			isa = PBXGroup;
			children = (
				35CBF76B234209B80035CB23 /* Fonts */,
				354DFB3F234102D60087DE65 /* Info.plist */,
			);
			path = "Supporting files";
			sourceTree = "<group>";
		};
		354DFB46234102EE0087DE65 /* Views */ = {
			isa = PBXGroup;
			children = (
				354DFB56234122610087DE65 /* ButtonsCollectionVeiw */,
				354DFB4B234103500087DE65 /* MainScreenViewController.swift */,
			);
			path = Views;
			sourceTree = "<group>";
		};
		354DFB47234102F40087DE65 /* Services */ = {
			isa = PBXGroup;
			children = (
				354DFB54234109CD0087DE65 /* Calculator.swift */,
			);
			path = Services;
			sourceTree = "<group>";
		};
		354DFB48234102FA0087DE65 /* App */ = {
			isa = PBXGroup;
			children = (
				354DFB31234102D60087DE65 /* AppDelegate.swift */,
				354DFB33234102D60087DE65 /* SceneDelegate.swift */,
				354DFB502341059B0087DE65 /* Config.swift */,
			);
			path = App;
			sourceTree = "<group>";
		};
		354DFB56234122610087DE65 /* ButtonsCollectionVeiw */ = {
			isa = PBXGroup;
			children = (
				354DFB57234122A00087DE65 /* CalculatorCollectionViewCell.swift */,
			);
			path = ButtonsCollectionVeiw;
			sourceTree = "<group>";
		};
		35CBF76B234209B80035CB23 /* Fonts */ = {
			isa = PBXGroup;
			children = (
				35CBF76C23420A530035CB23 /* ALS_SPb.otf */,
			);
			path = Fonts;
			sourceTree = "<group>";
		};
/* End PBXGroup section */

/* Begin PBXNativeTarget section */
		354DFB2D234102D60087DE65 /* calculatorApp */ = {
			isa = PBXNativeTarget;
			buildConfigurationList = 354DFB42234102D60087DE65 /* Build configuration list for PBXNativeTarget "calculatorApp" */;
			buildPhases = (
				354DFB2A234102D60087DE65 /* Sources */,
				354DFB2B234102D60087DE65 /* Frameworks */,
				354DFB2C234102D60087DE65 /* Resources */,
			);
			buildRules = (
			);
			dependencies = (
			);
			name = calculatorApp;
			packageProductDependencies = (
				354DFB4E234104540087DE65 /* SnapKit */,
			);
			productName = calculatorApp;
			productReference = 354DFB2E234102D60087DE65 /* calculatorApp.app */;
			productType = "com.apple.product-type.application";
		};
/* End PBXNativeTarget section */

/* Begin PBXProject section */
		354DFB26234102D60087DE65 /* Project object */ = {
			isa = PBXProject;
			attributes = {
				LastSwiftUpdateCheck = 1100;
				LastUpgradeCheck = 1100;
				ORGANIZATIONNAME = "Петр Тартынских ";
				TargetAttributes = {
					354DFB2D234102D60087DE65 = {
						CreatedOnToolsVersion = 11.0;
					};
				};
			};
			buildConfigurationList = 354DFB29234102D60087DE65 /* Build configuration list for PBXProject "calculatorApp" */;
			compatibilityVersion = "Xcode 9.3";
			developmentRegion = en;
			hasScannedForEncodings = 0;
			knownRegions = (
				en,
				Base,
			);
			mainGroup = 354DFB25234102D60087DE65;
			packageReferences = (
				354DFB4D234104540087DE65 /* XCRemoteSwiftPackageReference "SnapKit" */,
			);
			productRefGroup = 354DFB2F234102D60087DE65 /* Products */;
			projectDirPath = "";
			projectRoot = "";
			targets = (
				354DFB2D234102D60087DE65 /* calculatorApp */,
			);
		};
/* End PBXProject section */

/* Begin PBXResourcesBuildPhase section */
		354DFB2C234102D60087DE65 /* Resources */ = {
			isa = PBXResourcesBuildPhase;
			buildActionMask = 2147483647;
			files = (
				354DFB3E234102D60087DE65 /* LaunchScreen.storyboard in Resources */,
				354DFB4A234103480087DE65 /* .gitignore in Resources */,
				35CBF76D23420A530035CB23 /* ALS_SPb.otf in Resources */,
				354DFB3B234102D60087DE65 /* Assets.xcassets in Resources */,
			);
			runOnlyForDeploymentPostprocessing = 0;
		};
/* End PBXResourcesBuildPhase section */

/* Begin PBXSourcesBuildPhase section */
		354DFB2A234102D60087DE65 /* Sources */ = {
			isa = PBXSourcesBuildPhase;
			buildActionMask = 2147483647;
			files = (
				354DFB4C234103500087DE65 /* MainScreenViewController.swift in Sources */,
				350E5C9A2342929500264112 /* CalculatorButtonModel.swift in Sources */,
				354DFB512341059B0087DE65 /* Config.swift in Sources */,
				354DFB32234102D60087DE65 /* AppDelegate.swift in Sources */,
				354DFB34234102D60087DE65 /* SceneDelegate.swift in Sources */,
				354DFB58234122A00087DE65 /* CalculatorCollectionViewCell.swift in Sources */,
				354DFB55234109CD0087DE65 /* Calculator.swift in Sources */,
			);
			runOnlyForDeploymentPostprocessing = 0;
		};
/* End PBXSourcesBuildPhase section */

/* Begin PBXVariantGroup section */
		354DFB3C234102D60087DE65 /* LaunchScreen.storyboard */ = {
			isa = PBXVariantGroup;
			children = (
				354DFB3D234102D60087DE65 /* Base */,
			);
			name = LaunchScreen.storyboard;
			sourceTree = "<group>";
		};
/* End PBXVariantGroup section */

/* Begin XCBuildConfiguration section */
		354DFB40234102D60087DE65 /* Debug */ = {
			isa = XCBuildConfiguration;
			buildSettings = {
				ALWAYS_SEARCH_USER_PATHS = NO;
				CLANG_ANALYZER_NONNULL = YES;
				CLANG_ANALYZER_NUMBER_OBJECT_CONVERSION = YES_AGGRESSIVE;
				CLANG_CXX_LANGUAGE_STANDARD = "gnu++14";
				CLANG_CXX_LIBRARY = "libc++";
				CLANG_ENABLE_MODULES = YES;
				CLANG_ENABLE_OBJC_ARC = YES;
				CLANG_ENABLE_OBJC_WEAK = YES;
				CLANG_WARN_BLOCK_CAPTURE_AUTORELEASING = YES;
				CLANG_WARN_BOOL_CONVERSION = YES;
				CLANG_WARN_COMMA = YES;
				CLANG_WARN_CONSTANT_CONVERSION = YES;
				CLANG_WARN_DEPRECATED_OBJC_IMPLEMENTATIONS = YES;
				CLANG_WARN_DIRECT_OBJC_ISA_USAGE = YES_ERROR;
				CLANG_WARN_DOCUMENTATION_COMMENTS = YES;
				CLANG_WARN_EMPTY_BODY = YES;
				CLANG_WARN_ENUM_CONVERSION = YES;
				CLANG_WARN_INFINITE_RECURSION = YES;
				CLANG_WARN_INT_CONVERSION = YES;
				CLANG_WARN_NON_LITERAL_NULL_CONVERSION = YES;
				CLANG_WARN_OBJC_IMPLICIT_RETAIN_SELF = YES;
				CLANG_WARN_OBJC_LITERAL_CONVERSION = YES;
				CLANG_WARN_OBJC_ROOT_CLASS = YES_ERROR;
				CLANG_WARN_RANGE_LOOP_ANALYSIS = YES;
				CLANG_WARN_STRICT_PROTOTYPES = YES;
				CLANG_WARN_SUSPICIOUS_MOVE = YES;
				CLANG_WARN_UNGUARDED_AVAILABILITY = YES_AGGRESSIVE;
				CLANG_WARN_UNREACHABLE_CODE = YES;
				CLANG_WARN__DUPLICATE_METHOD_MATCH = YES;
				COPY_PHASE_STRIP = NO;
				DEBUG_INFORMATION_FORMAT = dwarf;
				ENABLE_STRICT_OBJC_MSGSEND = YES;
				ENABLE_TESTABILITY = YES;
				GCC_C_LANGUAGE_STANDARD = gnu11;
				GCC_DYNAMIC_NO_PIC = NO;
				GCC_NO_COMMON_BLOCKS = YES;
				GCC_OPTIMIZATION_LEVEL = 0;
				GCC_PREPROCESSOR_DEFINITIONS = (
					"DEBUG=1",
					"$(inherited)",
				);
				GCC_WARN_64_TO_32_BIT_CONVERSION = YES;
				GCC_WARN_ABOUT_RETURN_TYPE = YES_ERROR;
				GCC_WARN_UNDECLARED_SELECTOR = YES;
				GCC_WARN_UNINITIALIZED_AUTOS = YES_AGGRESSIVE;
				GCC_WARN_UNUSED_FUNCTION = YES;
				GCC_WARN_UNUSED_VARIABLE = YES;
				IPHONEOS_DEPLOYMENT_TARGET = 13.0;
				MTL_ENABLE_DEBUG_INFO = INCLUDE_SOURCE;
				MTL_FAST_MATH = YES;
				ONLY_ACTIVE_ARCH = YES;
				SDKROOT = iphoneos;
				SWIFT_ACTIVE_COMPILATION_CONDITIONS = DEBUG;
				SWIFT_OPTIMIZATION_LEVEL = "-Onone";
			};
			name = Debug;
		};
		354DFB41234102D60087DE65 /* Release */ = {
			isa = XCBuildConfiguration;
			buildSettings = {
				ALWAYS_SEARCH_USER_PATHS = NO;
				CLANG_ANALYZER_NONNULL = YES;
				CLANG_ANALYZER_NUMBER_OBJECT_CONVERSION = YES_AGGRESSIVE;
				CLANG_CXX_LANGUAGE_STANDARD = "gnu++14";
				CLANG_CXX_LIBRARY = "libc++";
				CLANG_ENABLE_MODULES = YES;
				CLANG_ENABLE_OBJC_ARC = YES;
				CLANG_ENABLE_OBJC_WEAK = YES;
				CLANG_WARN_BLOCK_CAPTURE_AUTORELEASING = YES;
				CLANG_WARN_BOOL_CONVERSION = YES;
				CLANG_WARN_COMMA = YES;
				CLANG_WARN_CONSTANT_CONVERSION = YES;
				CLANG_WARN_DEPRECATED_OBJC_IMPLEMENTATIONS = YES;
				CLANG_WARN_DIRECT_OBJC_ISA_USAGE = YES_ERROR;
				CLANG_WARN_DOCUMENTATION_COMMENTS = YES;
				CLANG_WARN_EMPTY_BODY = YES;
				CLANG_WARN_ENUM_CONVERSION = YES;
				CLANG_WARN_INFINITE_RECURSION = YES;
				CLANG_WARN_INT_CONVERSION = YES;
				CLANG_WARN_NON_LITERAL_NULL_CONVERSION = YES;
				CLANG_WARN_OBJC_IMPLICIT_RETAIN_SELF = YES;
				CLANG_WARN_OBJC_LITERAL_CONVERSION = YES;
				CLANG_WARN_OBJC_ROOT_CLASS = YES_ERROR;
				CLANG_WARN_RANGE_LOOP_ANALYSIS = YES;
				CLANG_WARN_STRICT_PROTOTYPES = YES;
				CLANG_WARN_SUSPICIOUS_MOVE = YES;
				CLANG_WARN_UNGUARDED_AVAILABILITY = YES_AGGRESSIVE;
				CLANG_WARN_UNREACHABLE_CODE = YES;
				CLANG_WARN__DUPLICATE_METHOD_MATCH = YES;
				COPY_PHASE_STRIP = NO;
				DEBUG_INFORMATION_FORMAT = "dwarf-with-dsym";
				ENABLE_NS_ASSERTIONS = NO;
				ENABLE_STRICT_OBJC_MSGSEND = YES;
				GCC_C_LANGUAGE_STANDARD = gnu11;
				GCC_NO_COMMON_BLOCKS = YES;
				GCC_WARN_64_TO_32_BIT_CONVERSION = YES;
				GCC_WARN_ABOUT_RETURN_TYPE = YES_ERROR;
				GCC_WARN_UNDECLARED_SELECTOR = YES;
				GCC_WARN_UNINITIALIZED_AUTOS = YES_AGGRESSIVE;
				GCC_WARN_UNUSED_FUNCTION = YES;
				GCC_WARN_UNUSED_VARIABLE = YES;
				IPHONEOS_DEPLOYMENT_TARGET = 13.0;
				MTL_ENABLE_DEBUG_INFO = NO;
				MTL_FAST_MATH = YES;
				SDKROOT = iphoneos;
				SWIFT_COMPILATION_MODE = wholemodule;
				SWIFT_OPTIMIZATION_LEVEL = "-O";
				VALIDATE_PRODUCT = YES;
			};
			name = Release;
		};
		354DFB43234102D60087DE65 /* Debug */ = {
			isa = XCBuildConfiguration;
			buildSettings = {
				ASSETCATALOG_COMPILER_APPICON_NAME = AppIcon;
				CODE_SIGN_STYLE = Automatic;
				DEVELOPMENT_TEAM = F325XZB89B;
				INFOPLIST_FILE = "calculatorApp/Supporting files/Info.plist";
				LD_RUNPATH_SEARCH_PATHS = (
					"$(inherited)",
					"@executable_path/Frameworks",
				);
				PRODUCT_BUNDLE_IDENTIFIER = tartynskikh.calculatorApp;
				PRODUCT_NAME = "$(TARGET_NAME)";
				SWIFT_VERSION = 5.0;
				TARGETED_DEVICE_FAMILY = "1,2";
			};
			name = Debug;
		};
		354DFB44234102D60087DE65 /* Release */ = {
			isa = XCBuildConfiguration;
			buildSettings = {
				ASSETCATALOG_COMPILER_APPICON_NAME = AppIcon;
				CODE_SIGN_STYLE = Automatic;
				DEVELOPMENT_TEAM = F325XZB89B;
				INFOPLIST_FILE = "calculatorApp/Supporting files/Info.plist";
				LD_RUNPATH_SEARCH_PATHS = (
					"$(inherited)",
					"@executable_path/Frameworks",
				);
				PRODUCT_BUNDLE_IDENTIFIER = tartynskikh.calculatorApp;
				PRODUCT_NAME = "$(TARGET_NAME)";
				SWIFT_VERSION = 5.0;
				TARGETED_DEVICE_FAMILY = "1,2";
			};
			name = Release;
		};
/* End XCBuildConfiguration section */

/* Begin XCConfigurationList section */
		354DFB29234102D60087DE65 /* Build configuration list for PBXProject "calculatorApp" */ = {
			isa = XCConfigurationList;
			buildConfigurations = (
				354DFB40234102D60087DE65 /* Debug */,
				354DFB41234102D60087DE65 /* Release */,
			);
			defaultConfigurationIsVisible = 0;
			defaultConfigurationName = Release;
		};
		354DFB42234102D60087DE65 /* Build configuration list for PBXNativeTarget "calculatorApp" */ = {
			isa = XCConfigurationList;
			buildConfigurations = (
				354DFB43234102D60087DE65 /* Debug */,
				354DFB44234102D60087DE65 /* Release */,
			);
			defaultConfigurationIsVisible = 0;
			defaultConfigurationName = Release;
		};
/* End XCConfigurationList section */

/* Begin XCRemoteSwiftPackageReference section */
		354DFB4D234104540087DE65 /* XCRemoteSwiftPackageReference "SnapKit" */ = {
			isa = XCRemoteSwiftPackageReference;
			repositoryURL = "https://github.com/SnapKit/SnapKit.git";
			requirement = {
				kind = upToNextMajorVersion;
				minimumVersion = 5.0.1;
			};
		};
/* End XCRemoteSwiftPackageReference section */

/* Begin XCSwiftPackageProductDependency section */
		354DFB4E234104540087DE65 /* SnapKit */ = {
			isa = XCSwiftPackageProductDependency;
			package = 354DFB4D234104540087DE65 /* XCRemoteSwiftPackageReference "SnapKit" */;
			productName = SnapKit;
		};
/* End XCSwiftPackageProductDependency section */
	};
	rootObject = 354DFB26234102D60087DE65 /* Project object */;
}
