// !$*UTF8*$!
{
	archiveVersion = 1;
	classes = {
	};
	objectVersion = 52;
	objects = {

/* Begin PBXBuildFile section */
		350247BD23455B2200D3B047 /* SideMenuTableViewModel.swift in Sources */ = {isa = PBXBuildFile; fileRef = 350247BC23455B2200D3B047 /* SideMenuTableViewModel.swift */; };
		350309E3234671C200D1077D /* ApiAnswers.swift in Sources */ = {isa = PBXBuildFile; fileRef = 350309E2234671C200D1077D /* ApiAnswers.swift */; };
		350309E823468A0600D1077D /* LoadingIndicatorView.swift in Sources */ = {isa = PBXBuildFile; fileRef = 350309E723468A0600D1077D /* LoadingIndicatorView.swift */; };
		350E5C9A2342929500264112 /* CalculatorViewModel.swift in Sources */ = {isa = PBXBuildFile; fileRef = 350E5C992342929500264112 /* CalculatorViewModel.swift */; };
		352892062344125000B0F31D /* Alamofire in Frameworks */ = {isa = PBXBuildFile; productRef = 352892052344125000B0F31D /* Alamofire */; };
		352892082344126500B0F31D /* NetworkService.swift in Sources */ = {isa = PBXBuildFile; fileRef = 352892072344126500B0F31D /* NetworkService.swift */; };
		3528920A234413AA00B0F31D /* Converter.swift in Sources */ = {isa = PBXBuildFile; fileRef = 35289209234413AA00B0F31D /* Converter.swift */; };
		354DFB32234102D60087DE65 /* AppDelegate.swift in Sources */ = {isa = PBXBuildFile; fileRef = 354DFB31234102D60087DE65 /* AppDelegate.swift */; };
		354DFB34234102D60087DE65 /* SceneDelegate.swift in Sources */ = {isa = PBXBuildFile; fileRef = 354DFB33234102D60087DE65 /* SceneDelegate.swift */; };
		354DFB3B234102D60087DE65 /* Assets.xcassets in Resources */ = {isa = PBXBuildFile; fileRef = 354DFB3A234102D60087DE65 /* Assets.xcassets */; };
		354DFB3E234102D60087DE65 /* LaunchScreen.storyboard in Resources */ = {isa = PBXBuildFile; fileRef = 354DFB3C234102D60087DE65 /* LaunchScreen.storyboard */; };
		354DFB4A234103480087DE65 /* .gitignore in Resources */ = {isa = PBXBuildFile; fileRef = 354DFB49234103480087DE65 /* .gitignore */; };
		354DFB4C234103500087DE65 /* CalculatorScreenViewController.swift in Sources */ = {isa = PBXBuildFile; fileRef = 354DFB4B234103500087DE65 /* CalculatorScreenViewController.swift */; };
		354DFB4F234104540087DE65 /* SnapKit in Frameworks */ = {isa = PBXBuildFile; productRef = 354DFB4E234104540087DE65 /* SnapKit */; };
		354DFB512341059B0087DE65 /* Config.swift in Sources */ = {isa = PBXBuildFile; fileRef = 354DFB502341059B0087DE65 /* Config.swift */; };
		354DFB55234109CD0087DE65 /* Calculator.swift in Sources */ = {isa = PBXBuildFile; fileRef = 354DFB54234109CD0087DE65 /* Calculator.swift */; };
		354DFB58234122A00087DE65 /* ButtonsCollectionViewCell.swift in Sources */ = {isa = PBXBuildFile; fileRef = 354DFB57234122A00087DE65 /* ButtonsCollectionViewCell.swift */; };
		355A637A2343709D00CFB9E5 /* DecimalExtension.swift in Sources */ = {isa = PBXBuildFile; fileRef = 355A63792343709D00CFB9E5 /* DecimalExtension.swift */; };
		3575301C234E519F002C9F42 /* Localizable.strings in Resources */ = {isa = PBXBuildFile; fileRef = 3575301E234E519F002C9F42 /* Localizable.strings */; };
		35753024234E600A002C9F42 /* InfoPlist.strings in Resources */ = {isa = PBXBuildFile; fileRef = 35753026234E600A002C9F42 /* InfoPlist.strings */; };
		357B0CBA2344DEE90095B2C9 /* ConverterResultStackView.swift in Sources */ = {isa = PBXBuildFile; fileRef = 357B0CB92344DEE90095B2C9 /* ConverterResultStackView.swift */; };
		358DAA5E2348DE9300386BD9 /* NoMenuTextField.swift in Sources */ = {isa = PBXBuildFile; fileRef = 358DAA5D2348DE9300386BD9 /* NoMenuTextField.swift */; };
		3591EF442357381200655681 /* ViewsCoordinator.swift in Sources */ = {isa = PBXBuildFile; fileRef = 3591EF432357381200655681 /* ViewsCoordinator.swift */; };
		3591EF462357486600655681 /* UpdatableOnRotation.swift in Sources */ = {isa = PBXBuildFile; fileRef = 3591EF452357486600655681 /* UpdatableOnRotation.swift */; };
		35947FFD2357BB3B004BFD65 /* RoundButtonItem.swift in Sources */ = {isa = PBXBuildFile; fileRef = 35947FFC2357BB3B004BFD65 /* RoundButtonItem.swift */; };
		359DCCE02344A63D00C4B241 /* SideMenu in Frameworks */ = {isa = PBXBuildFile; productRef = 359DCCDF2344A63D00C4B241 /* SideMenu */; };
		359DCCE82344C6EB00C4B241 /* ConverterViewModel.swift in Sources */ = {isa = PBXBuildFile; fileRef = 359DCCE72344C6EB00C4B241 /* ConverterViewModel.swift */; };
		359DCCEA2344C8BE00C4B241 /* SideMenuTableViewController.swift in Sources */ = {isa = PBXBuildFile; fileRef = 359DCCE92344C8BE00C4B241 /* SideMenuTableViewController.swift */; };
		359DCCEC2344CBD500C4B241 /* ConverterScreenViewController.swift in Sources */ = {isa = PBXBuildFile; fileRef = 359DCCEB2344CBD500C4B241 /* ConverterScreenViewController.swift */; };
		35B6A220234E0F8B00E7B2F7 /* NetworkDataFetcher.swift in Sources */ = {isa = PBXBuildFile; fileRef = 35B6A21F234E0F8B00E7B2F7 /* NetworkDataFetcher.swift */; };
		35B6A223234E2BA000E7B2F7 /* AEXML in Frameworks */ = {isa = PBXBuildFile; productRef = 35B6A222234E2BA000E7B2F7 /* AEXML */; };
		35B6A225234E344E00E7B2F7 /* XMLParserHelper.swift in Sources */ = {isa = PBXBuildFile; fileRef = 35B6A224234E344E00E7B2F7 /* XMLParserHelper.swift */; };
		35C61AFC234D34D000154D63 /* NumberPresenterService.swift in Sources */ = {isa = PBXBuildFile; fileRef = 35C61AFB234D34D000154D63 /* NumberPresenterService.swift */; };
		35CBF76D23420A530035CB23 /* ALS_SPb.otf in Resources */ = {isa = PBXBuildFile; fileRef = 35CBF76C23420A530035CB23 /* ALS_SPb.otf */; };
/* End PBXBuildFile section */

/* Begin PBXFileReference section */
		350247BC23455B2200D3B047 /* SideMenuTableViewModel.swift */ = {isa = PBXFileReference; lastKnownFileType = sourcecode.swift; path = SideMenuTableViewModel.swift; sourceTree = "<group>"; };
		350309E2234671C200D1077D /* ApiAnswers.swift */ = {isa = PBXFileReference; lastKnownFileType = sourcecode.swift; path = ApiAnswers.swift; sourceTree = "<group>"; };
		350309E723468A0600D1077D /* LoadingIndicatorView.swift */ = {isa = PBXFileReference; fileEncoding = 4; lastKnownFileType = sourcecode.swift; path = LoadingIndicatorView.swift; sourceTree = "<group>"; };
		350E5C992342929500264112 /* CalculatorViewModel.swift */ = {isa = PBXFileReference; lastKnownFileType = sourcecode.swift; path = CalculatorViewModel.swift; sourceTree = "<group>"; };
		352892072344126500B0F31D /* NetworkService.swift */ = {isa = PBXFileReference; lastKnownFileType = sourcecode.swift; path = NetworkService.swift; sourceTree = "<group>"; };
		35289209234413AA00B0F31D /* Converter.swift */ = {isa = PBXFileReference; lastKnownFileType = sourcecode.swift; path = Converter.swift; sourceTree = "<group>"; };
		353C2AC323494BF2001FE82C /* README.md */ = {isa = PBXFileReference; lastKnownFileType = net.daringfireball.markdown; path = README.md; sourceTree = "<group>"; };
		353C2AC5234951A3001FE82C /* Screenshot1.png */ = {isa = PBXFileReference; lastKnownFileType = image.png; path = Screenshot1.png; sourceTree = "<group>"; };
		353C2AC6234951A3001FE82C /* Screenshot2.png */ = {isa = PBXFileReference; lastKnownFileType = image.png; path = Screenshot2.png; sourceTree = "<group>"; };
		353C2AC7234951A4001FE82C /* Screenshot5.png */ = {isa = PBXFileReference; lastKnownFileType = image.png; path = Screenshot5.png; sourceTree = "<group>"; };
		353C2AC8234951A4001FE82C /* Screenshot3.png */ = {isa = PBXFileReference; lastKnownFileType = image.png; path = Screenshot3.png; sourceTree = "<group>"; };
		353C2AC9234951A4001FE82C /* Screenshot4.png */ = {isa = PBXFileReference; lastKnownFileType = image.png; path = Screenshot4.png; sourceTree = "<group>"; };
		354DFB2E234102D60087DE65 /* calculatorApp.app */ = {isa = PBXFileReference; explicitFileType = wrapper.application; includeInIndex = 0; path = calculatorApp.app; sourceTree = BUILT_PRODUCTS_DIR; };
		354DFB31234102D60087DE65 /* AppDelegate.swift */ = {isa = PBXFileReference; lastKnownFileType = sourcecode.swift; path = AppDelegate.swift; sourceTree = "<group>"; };
		354DFB33234102D60087DE65 /* SceneDelegate.swift */ = {isa = PBXFileReference; lastKnownFileType = sourcecode.swift; path = SceneDelegate.swift; sourceTree = "<group>"; };
		354DFB3A234102D60087DE65 /* Assets.xcassets */ = {isa = PBXFileReference; lastKnownFileType = folder.assetcatalog; path = Assets.xcassets; sourceTree = "<group>"; };
		354DFB3D234102D60087DE65 /* Base */ = {isa = PBXFileReference; lastKnownFileType = file.storyboard; name = Base; path = Base.lproj/LaunchScreen.storyboard; sourceTree = "<group>"; };
		354DFB3F234102D60087DE65 /* Info.plist */ = {isa = PBXFileReference; lastKnownFileType = text.plist.xml; path = Info.plist; sourceTree = "<group>"; };
		354DFB49234103480087DE65 /* .gitignore */ = {isa = PBXFileReference; fileEncoding = 4; lastKnownFileType = text; path = .gitignore; sourceTree = "<group>"; };
		354DFB4B234103500087DE65 /* CalculatorScreenViewController.swift */ = {isa = PBXFileReference; fileEncoding = 4; lastKnownFileType = sourcecode.swift; path = CalculatorScreenViewController.swift; sourceTree = "<group>"; };
		354DFB502341059B0087DE65 /* Config.swift */ = {isa = PBXFileReference; lastKnownFileType = sourcecode.swift; path = Config.swift; sourceTree = "<group>"; };
		354DFB54234109CD0087DE65 /* Calculator.swift */ = {isa = PBXFileReference; lastKnownFileType = sourcecode.swift; path = Calculator.swift; sourceTree = "<group>"; };
		354DFB57234122A00087DE65 /* ButtonsCollectionViewCell.swift */ = {isa = PBXFileReference; lastKnownFileType = sourcecode.swift; path = ButtonsCollectionViewCell.swift; sourceTree = "<group>"; };
		355A63792343709D00CFB9E5 /* DecimalExtension.swift */ = {isa = PBXFileReference; lastKnownFileType = sourcecode.swift; path = DecimalExtension.swift; sourceTree = "<group>"; };
		35753019234E5112002C9F42 /* ru */ = {isa = PBXFileReference; lastKnownFileType = text.plist.strings; name = ru; path = ru.lproj/LaunchScreen.strings; sourceTree = "<group>"; };
		3575301D234E519F002C9F42 /* en */ = {isa = PBXFileReference; lastKnownFileType = text.plist.strings; name = en; path = en.lproj/Localizable.strings; sourceTree = "<group>"; };
		3575301F234E51A1002C9F42 /* ru */ = {isa = PBXFileReference; lastKnownFileType = text.plist.strings; name = ru; path = ru.lproj/Localizable.strings; sourceTree = "<group>"; };
		35753025234E600A002C9F42 /* en */ = {isa = PBXFileReference; lastKnownFileType = text.plist.strings; name = en; path = en.lproj/InfoPlist.strings; sourceTree = "<group>"; };
		35753027234E6010002C9F42 /* ru */ = {isa = PBXFileReference; lastKnownFileType = text.plist.strings; name = ru; path = ru.lproj/InfoPlist.strings; sourceTree = "<group>"; };
		357B0CB92344DEE90095B2C9 /* ConverterResultStackView.swift */ = {isa = PBXFileReference; lastKnownFileType = sourcecode.swift; path = ConverterResultStackView.swift; sourceTree = "<group>"; };
		358DAA5D2348DE9300386BD9 /* NoMenuTextField.swift */ = {isa = PBXFileReference; lastKnownFileType = sourcecode.swift; path = NoMenuTextField.swift; sourceTree = "<group>"; };
		3591EF432357381200655681 /* ViewsCoordinator.swift */ = {isa = PBXFileReference; lastKnownFileType = sourcecode.swift; path = ViewsCoordinator.swift; sourceTree = "<group>"; };
		3591EF452357486600655681 /* UpdatableOnRotation.swift */ = {isa = PBXFileReference; lastKnownFileType = sourcecode.swift; path = UpdatableOnRotation.swift; sourceTree = "<group>"; };
		35947FFC2357BB3B004BFD65 /* RoundButtonItem.swift */ = {isa = PBXFileReference; lastKnownFileType = sourcecode.swift; path = RoundButtonItem.swift; sourceTree = "<group>"; };
		359DCCE72344C6EB00C4B241 /* ConverterViewModel.swift */ = {isa = PBXFileReference; lastKnownFileType = sourcecode.swift; path = ConverterViewModel.swift; sourceTree = "<group>"; };
		359DCCE92344C8BE00C4B241 /* SideMenuTableViewController.swift */ = {isa = PBXFileReference; lastKnownFileType = sourcecode.swift; path = SideMenuTableViewController.swift; sourceTree = "<group>"; };
		359DCCEB2344CBD500C4B241 /* ConverterScreenViewController.swift */ = {isa = PBXFileReference; lastKnownFileType = sourcecode.swift; path = ConverterScreenViewController.swift; sourceTree = "<group>"; };
		35B6A21F234E0F8B00E7B2F7 /* NetworkDataFetcher.swift */ = {isa = PBXFileReference; lastKnownFileType = sourcecode.swift; path = NetworkDataFetcher.swift; sourceTree = "<group>"; };
		35B6A224234E344E00E7B2F7 /* XMLParserHelper.swift */ = {isa = PBXFileReference; lastKnownFileType = sourcecode.swift; path = XMLParserHelper.swift; sourceTree = "<group>"; };
		35C61AFB234D34D000154D63 /* NumberPresenterService.swift */ = {isa = PBXFileReference; lastKnownFileType = sourcecode.swift; path = NumberPresenterService.swift; sourceTree = "<group>"; };
		35CBF76C23420A530035CB23 /* ALS_SPb.otf */ = {isa = PBXFileReference; lastKnownFileType = file; path = ALS_SPb.otf; sourceTree = "<group>"; };
/* End PBXFileReference section */

/* Begin PBXFrameworksBuildPhase section */
		354DFB2B234102D60087DE65 /* Frameworks */ = {
			isa = PBXFrameworksBuildPhase;
			buildActionMask = 2147483647;
			files = (
				35B6A223234E2BA000E7B2F7 /* AEXML in Frameworks */,
				354DFB4F234104540087DE65 /* SnapKit in Frameworks */,
				359DCCE02344A63D00C4B241 /* SideMenu in Frameworks */,
				352892062344125000B0F31D /* Alamofire in Frameworks */,
			);
			runOnlyForDeploymentPostprocessing = 0;
		};
/* End PBXFrameworksBuildPhase section */

/* Begin PBXGroup section */
		350309E6234689E300D1077D /* OtherElements */ = {
			isa = PBXGroup;
			children = (
				3591EF452357486600655681 /* UpdatableOnRotation.swift */,
				350309E723468A0600D1077D /* LoadingIndicatorView.swift */,
				359DCCE92344C8BE00C4B241 /* SideMenuTableViewController.swift */,
				358DAA5D2348DE9300386BD9 /* NoMenuTextField.swift */,
			);
			path = OtherElements;
			sourceTree = "<group>";
		};
		350E5C982342927D00264112 /* Model */ = {
			isa = PBXGroup;
			children = (
				350309E2234671C200D1077D /* ApiAnswers.swift */,
			);
			path = Model;
			sourceTree = "<group>";
		};
		353C2AC4234950F1001FE82C /* etc */ = {
			isa = PBXGroup;
			children = (
				353C2AC5234951A3001FE82C /* Screenshot1.png */,
				353C2AC6234951A3001FE82C /* Screenshot2.png */,
				353C2AC8234951A4001FE82C /* Screenshot3.png */,
				353C2AC9234951A4001FE82C /* Screenshot4.png */,
				353C2AC7234951A4001FE82C /* Screenshot5.png */,
			);
			path = etc;
			sourceTree = "<group>";
		};
		354DFB25234102D60087DE65 = {
			isa = PBXGroup;
			children = (
				353C2AC4234950F1001FE82C /* etc */,
				353C2AC323494BF2001FE82C /* README.md */,
				354DFB49234103480087DE65 /* .gitignore */,
				354DFB30234102D60087DE65 /* calculatorApp */,
				354DFB2F234102D60087DE65 /* Products */,
			);
			sourceTree = "<group>";
		};
		354DFB2F234102D60087DE65 /* Products */ = {
			isa = PBXGroup;
			children = (
				354DFB2E234102D60087DE65 /* calculatorApp.app */,
			);
			name = Products;
			sourceTree = "<group>";
		};
		354DFB30234102D60087DE65 /* calculatorApp */ = {
			isa = PBXGroup;
			children = (
				355A63782343708300CFB9E5 /* Extensions */,
				354DFB48234102FA0087DE65 /* App */,
				350E5C982342927D00264112 /* Model */,
				35947FFB2357BA58004BFD65 /* ViewModel */,
				354DFB47234102F40087DE65 /* Services */,
				354DFB46234102EE0087DE65 /* Views */,
				354DFB45234102E50087DE65 /* Supporting files */,
				354DFB3A234102D60087DE65 /* Assets.xcassets */,
				354DFB3C234102D60087DE65 /* LaunchScreen.storyboard */,
			);
			path = calculatorApp;
			sourceTree = "<group>";
		};
		354DFB45234102E50087DE65 /* Supporting files */ = {
			isa = PBXGroup;
			children = (
				35CBF76B234209B80035CB23 /* Fonts */,
				354DFB3F234102D60087DE65 /* Info.plist */,
				35753026234E600A002C9F42 /* InfoPlist.strings */,
				3575301E234E519F002C9F42 /* Localizable.strings */,
			);
			path = "Supporting files";
			sourceTree = "<group>";
		};
		354DFB46234102EE0087DE65 /* Views */ = {
			isa = PBXGroup;
			children = (
				3591EF432357381200655681 /* ViewsCoordinator.swift */,
				357B0CB82344DE9D0095B2C9 /* Converter */,
				357B0CB72344DE960095B2C9 /* Calculator */,
				354DFB56234122610087DE65 /* ButtonsCollectionView */,
				350309E6234689E300D1077D /* OtherElements */,
			);
			path = Views;
			sourceTree = "<group>";
		};
		354DFB47234102F40087DE65 /* Services */ = {
			isa = PBXGroup;
			children = (
				35C61AFD234D90F000154D63 /* Network */,
				35C61AFB234D34D000154D63 /* NumberPresenterService.swift */,
				354DFB54234109CD0087DE65 /* Calculator.swift */,
				35289209234413AA00B0F31D /* Converter.swift */,
			);
			path = Services;
			sourceTree = "<group>";
		};
		354DFB48234102FA0087DE65 /* App */ = {
			isa = PBXGroup;
			children = (
				354DFB31234102D60087DE65 /* AppDelegate.swift */,
				354DFB33234102D60087DE65 /* SceneDelegate.swift */,
				354DFB502341059B0087DE65 /* Config.swift */,
			);
			path = App;
			sourceTree = "<group>";
		};
		354DFB56234122610087DE65 /* ButtonsCollectionView */ = {
			isa = PBXGroup;
			children = (
				354DFB57234122A00087DE65 /* ButtonsCollectionViewCell.swift */,
			);
			path = ButtonsCollectionView;
			sourceTree = "<group>";
		};
		355A63782343708300CFB9E5 /* Extensions */ = {
			isa = PBXGroup;
			children = (
				355A63792343709D00CFB9E5 /* DecimalExtension.swift */,
			);
			path = Extensions;
			sourceTree = "<group>";
		};
		357B0CB72344DE960095B2C9 /* Calculator */ = {
			isa = PBXGroup;
			children = (
				354DFB4B234103500087DE65 /* CalculatorScreenViewController.swift */,
			);
			path = Calculator;
			sourceTree = "<group>";
		};
		357B0CB82344DE9D0095B2C9 /* Converter */ = {
			isa = PBXGroup;
			children = (
				359DCCEB2344CBD500C4B241 /* ConverterScreenViewController.swift */,
				357B0CB92344DEE90095B2C9 /* ConverterResultStackView.swift */,
			);
			path = Converter;
			sourceTree = "<group>";
		};
		35947FFB2357BA58004BFD65 /* ViewModel */ = {
			isa = PBXGroup;
			children = (
				35947FFC2357BB3B004BFD65 /* RoundButtonItem.swift */,
				350E5C992342929500264112 /* CalculatorViewModel.swift */,
				359DCCE72344C6EB00C4B241 /* ConverterViewModel.swift */,
				350247BC23455B2200D3B047 /* SideMenuTableViewModel.swift */,
			);
			path = ViewModel;
			sourceTree = "<group>";
		};
		35C61AFD234D90F000154D63 /* Network */ = {
			isa = PBXGroup;
			children = (
				352892072344126500B0F31D /* NetworkService.swift */,
				35B6A21F234E0F8B00E7B2F7 /* NetworkDataFetcher.swift */,
				35B6A224234E344E00E7B2F7 /* XMLParserHelper.swift */,
			);
			path = Network;
			sourceTree = "<group>";
		};
		35CBF76B234209B80035CB23 /* Fonts */ = {
			isa = PBXGroup;
			children = (
				35CBF76C23420A530035CB23 /* ALS_SPb.otf */,
			);
			path = Fonts;
			sourceTree = "<group>";
		};
/* End PBXGroup section */

/* Begin PBXNativeTarget section */
		354DFB2D234102D60087DE65 /* calculatorApp */ = {
			isa = PBXNativeTarget;
			buildConfigurationList = 354DFB42234102D60087DE65 /* Build configuration list for PBXNativeTarget "calculatorApp" */;
			buildPhases = (
				354DFB2A234102D60087DE65 /* Sources */,
				354DFB2B234102D60087DE65 /* Frameworks */,
				354DFB2C234102D60087DE65 /* Resources */,
			);
			buildRules = (
			);
			dependencies = (
			);
			name = calculatorApp;
			packageProductDependencies = (
				354DFB4E234104540087DE65 /* SnapKit */,
				352892052344125000B0F31D /* Alamofire */,
				359DCCDF2344A63D00C4B241 /* SideMenu */,
				35B6A222234E2BA000E7B2F7 /* AEXML */,
			);
			productName = calculatorApp;
			productReference = 354DFB2E234102D60087DE65 /* calculatorApp.app */;
			productType = "com.apple.product-type.application";
		};
/* End PBXNativeTarget section */

/* Begin PBXProject section */
		354DFB26234102D60087DE65 /* Project object */ = {
			isa = PBXProject;
			attributes = {
				LastSwiftUpdateCheck = 1100;
				LastUpgradeCheck = 1100;
				ORGANIZATIONNAME = "Петр Тартынских ";
				TargetAttributes = {
					354DFB2D234102D60087DE65 = {
						CreatedOnToolsVersion = 11.0;
					};
				};
			};
			buildConfigurationList = 354DFB29234102D60087DE65 /* Build configuration list for PBXProject "calculatorApp" */;
			compatibilityVersion = "Xcode 9.3";
			developmentRegion = en;
			hasScannedForEncodings = 0;
			knownRegions = (
				en,
				Base,
				ru,
			);
			mainGroup = 354DFB25234102D60087DE65;
			packageReferences = (
				354DFB4D234104540087DE65 /* XCRemoteSwiftPackageReference "SnapKit" */,
				352892042344125000B0F31D /* XCRemoteSwiftPackageReference "Alamofire" */,
				359DCCDE2344A63D00C4B241 /* XCRemoteSwiftPackageReference "SideMenu" */,
				35B6A221234E2BA000E7B2F7 /* XCRemoteSwiftPackageReference "AEXML" */,
			);
			productRefGroup = 354DFB2F234102D60087DE65 /* Products */;
			projectDirPath = "";
			projectRoot = "";
			targets = (
				354DFB2D234102D60087DE65 /* calculatorApp */,
			);
		};
/* End PBXProject section */

/* Begin PBXResourcesBuildPhase section */
		354DFB2C234102D60087DE65 /* Resources */ = {
			isa = PBXResourcesBuildPhase;
			buildActionMask = 2147483647;
			files = (
				3575301C234E519F002C9F42 /* Localizable.strings in Resources */,
				35753024234E600A002C9F42 /* InfoPlist.strings in Resources */,
				354DFB3E234102D60087DE65 /* LaunchScreen.storyboard in Resources */,
				354DFB4A234103480087DE65 /* .gitignore in Resources */,
				35CBF76D23420A530035CB23 /* ALS_SPb.otf in Resources */,
				354DFB3B234102D60087DE65 /* Assets.xcassets in Resources */,
			);
			runOnlyForDeploymentPostprocessing = 0;
		};
/* End PBXResourcesBuildPhase section */

/* Begin PBXSourcesBuildPhase section */
		354DFB2A234102D60087DE65 /* Sources */ = {
			isa = PBXSourcesBuildPhase;
			buildActionMask = 2147483647;
			files = (
				350247BD23455B2200D3B047 /* SideMenuTableViewModel.swift in Sources */,
				354DFB4C234103500087DE65 /* CalculatorScreenViewController.swift in Sources */,
				3591EF462357486600655681 /* UpdatableOnRotation.swift in Sources */,
				35947FFD2357BB3B004BFD65 /* RoundButtonItem.swift in Sources */,
				35B6A225234E344E00E7B2F7 /* XMLParserHelper.swift in Sources */,
				357B0CBA2344DEE90095B2C9 /* ConverterResultStackView.swift in Sources */,
				35C61AFC234D34D000154D63 /* NumberPresenterService.swift in Sources */,
				35B6A220234E0F8B00E7B2F7 /* NetworkDataFetcher.swift in Sources */,
				3591EF442357381200655681 /* ViewsCoordinator.swift in Sources */,
				359DCCEC2344CBD500C4B241 /* ConverterScreenViewController.swift in Sources */,
				350E5C9A2342929500264112 /* CalculatorViewModel.swift in Sources */,
				358DAA5E2348DE9300386BD9 /* NoMenuTextField.swift in Sources */,
				350309E823468A0600D1077D /* LoadingIndicatorView.swift in Sources */,
				354DFB512341059B0087DE65 /* Config.swift in Sources */,
				354DFB32234102D60087DE65 /* AppDelegate.swift in Sources */,
				3528920A234413AA00B0F31D /* Converter.swift in Sources */,
				350309E3234671C200D1077D /* ApiAnswers.swift in Sources */,
				352892082344126500B0F31D /* NetworkService.swift in Sources */,
				354DFB34234102D60087DE65 /* SceneDelegate.swift in Sources */,
				355A637A2343709D00CFB9E5 /* DecimalExtension.swift in Sources */,
				359DCCEA2344C8BE00C4B241 /* SideMenuTableViewController.swift in Sources */,
				354DFB58234122A00087DE65 /* ButtonsCollectionViewCell.swift in Sources */,
				359DCCE82344C6EB00C4B241 /* ConverterViewModel.swift in Sources */,
				354DFB55234109CD0087DE65 /* Calculator.swift in Sources */,
			);
			runOnlyForDeploymentPostprocessing = 0;
		};
/* End PBXSourcesBuildPhase section */

/* Begin PBXVariantGroup section */
		354DFB3C234102D60087DE65 /* LaunchScreen.storyboard */ = {
			isa = PBXVariantGroup;
			children = (
				354DFB3D234102D60087DE65 /* Base */,
				35753019234E5112002C9F42 /* ru */,
			);
			name = LaunchScreen.storyboard;
			sourceTree = "<group>";
		};
		3575301E234E519F002C9F42 /* Localizable.strings */ = {
			isa = PBXVariantGroup;
			children = (
				3575301D234E519F002C9F42 /* en */,
				3575301F234E51A1002C9F42 /* ru */,
			);
			name = Localizable.strings;
			sourceTree = "<group>";
		};
		35753026234E600A002C9F42 /* InfoPlist.strings */ = {
			isa = PBXVariantGroup;
			children = (
				35753025234E600A002C9F42 /* en */,
				35753027234E6010002C9F42 /* ru */,
			);
			name = InfoPlist.strings;
			sourceTree = "<group>";
		};
/* End PBXVariantGroup section */

/* Begin XCBuildConfiguration section */
		354DFB40234102D60087DE65 /* Debug */ = {
			isa = XCBuildConfiguration;
			buildSettings = {
				ALWAYS_SEARCH_USER_PATHS = NO;
				CLANG_ANALYZER_LOCALIZABILITY_NONLOCALIZED = YES;
				CLANG_ANALYZER_NONNULL = YES;
				CLANG_ANALYZER_NUMBER_OBJECT_CONVERSION = YES_AGGRESSIVE;
				CLANG_CXX_LANGUAGE_STANDARD = "gnu++14";
				CLANG_CXX_LIBRARY = "libc++";
				CLANG_ENABLE_MODULES = YES;
				CLANG_ENABLE_OBJC_ARC = YES;
				CLANG_ENABLE_OBJC_WEAK = YES;
				CLANG_WARN_BLOCK_CAPTURE_AUTORELEASING = YES;
				CLANG_WARN_BOOL_CONVERSION = YES;
				CLANG_WARN_COMMA = YES;
				CLANG_WARN_CONSTANT_CONVERSION = YES;
				CLANG_WARN_DEPRECATED_OBJC_IMPLEMENTATIONS = YES;
				CLANG_WARN_DIRECT_OBJC_ISA_USAGE = YES_ERROR;
				CLANG_WARN_DOCUMENTATION_COMMENTS = YES;
				CLANG_WARN_EMPTY_BODY = YES;
				CLANG_WARN_ENUM_CONVERSION = YES;
				CLANG_WARN_INFINITE_RECURSION = YES;
				CLANG_WARN_INT_CONVERSION = YES;
				CLANG_WARN_NON_LITERAL_NULL_CONVERSION = YES;
				CLANG_WARN_OBJC_IMPLICIT_RETAIN_SELF = YES;
				CLANG_WARN_OBJC_LITERAL_CONVERSION = YES;
				CLANG_WARN_OBJC_ROOT_CLASS = YES_ERROR;
				CLANG_WARN_RANGE_LOOP_ANALYSIS = YES;
				CLANG_WARN_STRICT_PROTOTYPES = YES;
				CLANG_WARN_SUSPICIOUS_MOVE = YES;
				CLANG_WARN_UNGUARDED_AVAILABILITY = YES_AGGRESSIVE;
				CLANG_WARN_UNREACHABLE_CODE = YES;
				CLANG_WARN__DUPLICATE_METHOD_MATCH = YES;
				COPY_PHASE_STRIP = NO;
				DEBUG_INFORMATION_FORMAT = dwarf;
				ENABLE_STRICT_OBJC_MSGSEND = YES;
				ENABLE_TESTABILITY = YES;
				GCC_C_LANGUAGE_STANDARD = gnu11;
				GCC_DYNAMIC_NO_PIC = NO;
				GCC_NO_COMMON_BLOCKS = YES;
				GCC_OPTIMIZATION_LEVEL = 0;
				GCC_PREPROCESSOR_DEFINITIONS = (
					"DEBUG=1",
					"$(inherited)",
				);
				GCC_WARN_64_TO_32_BIT_CONVERSION = YES;
				GCC_WARN_ABOUT_RETURN_TYPE = YES_ERROR;
				GCC_WARN_UNDECLARED_SELECTOR = YES;
				GCC_WARN_UNINITIALIZED_AUTOS = YES_AGGRESSIVE;
				GCC_WARN_UNUSED_FUNCTION = YES;
				GCC_WARN_UNUSED_VARIABLE = YES;
				IPHONEOS_DEPLOYMENT_TARGET = 13.0;
				MTL_ENABLE_DEBUG_INFO = INCLUDE_SOURCE;
				MTL_FAST_MATH = YES;
				ONLY_ACTIVE_ARCH = YES;
				SDKROOT = iphoneos;
				SWIFT_ACTIVE_COMPILATION_CONDITIONS = DEBUG;
				SWIFT_OPTIMIZATION_LEVEL = "-Onone";
			};
			name = Debug;
		};
		354DFB41234102D60087DE65 /* Release */ = {
			isa = XCBuildConfiguration;
			buildSettings = {
				ALWAYS_SEARCH_USER_PATHS = NO;
				CLANG_ANALYZER_LOCALIZABILITY_NONLOCALIZED = YES;
				CLANG_ANALYZER_NONNULL = YES;
				CLANG_ANALYZER_NUMBER_OBJECT_CONVERSION = YES_AGGRESSIVE;
				CLANG_CXX_LANGUAGE_STANDARD = "gnu++14";
				CLANG_CXX_LIBRARY = "libc++";
				CLANG_ENABLE_MODULES = YES;
				CLANG_ENABLE_OBJC_ARC = YES;
				CLANG_ENABLE_OBJC_WEAK = YES;
				CLANG_WARN_BLOCK_CAPTURE_AUTORELEASING = YES;
				CLANG_WARN_BOOL_CONVERSION = YES;
				CLANG_WARN_COMMA = YES;
				CLANG_WARN_CONSTANT_CONVERSION = YES;
				CLANG_WARN_DEPRECATED_OBJC_IMPLEMENTATIONS = YES;
				CLANG_WARN_DIRECT_OBJC_ISA_USAGE = YES_ERROR;
				CLANG_WARN_DOCUMENTATION_COMMENTS = YES;
				CLANG_WARN_EMPTY_BODY = YES;
				CLANG_WARN_ENUM_CONVERSION = YES;
				CLANG_WARN_INFINITE_RECURSION = YES;
				CLANG_WARN_INT_CONVERSION = YES;
				CLANG_WARN_NON_LITERAL_NULL_CONVERSION = YES;
				CLANG_WARN_OBJC_IMPLICIT_RETAIN_SELF = YES;
				CLANG_WARN_OBJC_LITERAL_CONVERSION = YES;
				CLANG_WARN_OBJC_ROOT_CLASS = YES_ERROR;
				CLANG_WARN_RANGE_LOOP_ANALYSIS = YES;
				CLANG_WARN_STRICT_PROTOTYPES = YES;
				CLANG_WARN_SUSPICIOUS_MOVE = YES;
				CLANG_WARN_UNGUARDED_AVAILABILITY = YES_AGGRESSIVE;
				CLANG_WARN_UNREACHABLE_CODE = YES;
				CLANG_WARN__DUPLICATE_METHOD_MATCH = YES;
				COPY_PHASE_STRIP = NO;
				DEBUG_INFORMATION_FORMAT = "dwarf-with-dsym";
				ENABLE_NS_ASSERTIONS = NO;
				ENABLE_STRICT_OBJC_MSGSEND = YES;
				GCC_C_LANGUAGE_STANDARD = gnu11;
				GCC_NO_COMMON_BLOCKS = YES;
				GCC_WARN_64_TO_32_BIT_CONVERSION = YES;
				GCC_WARN_ABOUT_RETURN_TYPE = YES_ERROR;
				GCC_WARN_UNDECLARED_SELECTOR = YES;
				GCC_WARN_UNINITIALIZED_AUTOS = YES_AGGRESSIVE;
				GCC_WARN_UNUSED_FUNCTION = YES;
				GCC_WARN_UNUSED_VARIABLE = YES;
				IPHONEOS_DEPLOYMENT_TARGET = 13.0;
				MTL_ENABLE_DEBUG_INFO = NO;
				MTL_FAST_MATH = YES;
				SDKROOT = iphoneos;
				SWIFT_COMPILATION_MODE = wholemodule;
				SWIFT_OPTIMIZATION_LEVEL = "-O";
				VALIDATE_PRODUCT = YES;
			};
			name = Release;
		};
		354DFB43234102D60087DE65 /* Debug */ = {
			isa = XCBuildConfiguration;
			buildSettings = {
				ASSETCATALOG_COMPILER_APPICON_NAME = AppIcon;
				CODE_SIGN_STYLE = Automatic;
				DEVELOPMENT_TEAM = F325XZB89B;
				INFOPLIST_FILE = "calculatorApp/Supporting files/Info.plist";
				LD_RUNPATH_SEARCH_PATHS = (
					"$(inherited)",
					"@executable_path/Frameworks",
				);
				PRODUCT_BUNDLE_IDENTIFIER = tartynskikh.calculatorApp;
				PRODUCT_NAME = calculatorApp;
				SWIFT_VERSION = 5.0;
				TARGETED_DEVICE_FAMILY = "1,2";
			};
			name = Debug;
		};
		354DFB44234102D60087DE65 /* Release */ = {
			isa = XCBuildConfiguration;
			buildSettings = {
				ASSETCATALOG_COMPILER_APPICON_NAME = AppIcon;
				CODE_SIGN_STYLE = Automatic;
				DEVELOPMENT_TEAM = F325XZB89B;
				INFOPLIST_FILE = "calculatorApp/Supporting files/Info.plist";
				LD_RUNPATH_SEARCH_PATHS = (
					"$(inherited)",
					"@executable_path/Frameworks",
				);
				PRODUCT_BUNDLE_IDENTIFIER = tartynskikh.calculatorApp;
				PRODUCT_NAME = calculatorApp;
				SWIFT_VERSION = 5.0;
				TARGETED_DEVICE_FAMILY = "1,2";
			};
			name = Release;
		};
/* End XCBuildConfiguration section */

/* Begin XCConfigurationList section */
		354DFB29234102D60087DE65 /* Build configuration list for PBXProject "calculatorApp" */ = {
			isa = XCConfigurationList;
			buildConfigurations = (
				354DFB40234102D60087DE65 /* Debug */,
				354DFB41234102D60087DE65 /* Release */,
			);
			defaultConfigurationIsVisible = 0;
			defaultConfigurationName = Release;
		};
		354DFB42234102D60087DE65 /* Build configuration list for PBXNativeTarget "calculatorApp" */ = {
			isa = XCConfigurationList;
			buildConfigurations = (
				354DFB43234102D60087DE65 /* Debug */,
				354DFB44234102D60087DE65 /* Release */,
			);
			defaultConfigurationIsVisible = 0;
			defaultConfigurationName = Release;
		};
/* End XCConfigurationList section */

/* Begin XCRemoteSwiftPackageReference section */
		352892042344125000B0F31D /* XCRemoteSwiftPackageReference "Alamofire" */ = {
			isa = XCRemoteSwiftPackageReference;
			repositoryURL = "https://github.com/Alamofire/Alamofire.git";
			requirement = {
				kind = upToNextMajorVersion;
				minimumVersion = 4.9.0;
			};
		};
		354DFB4D234104540087DE65 /* XCRemoteSwiftPackageReference "SnapKit" */ = {
			isa = XCRemoteSwiftPackageReference;
			repositoryURL = "https://github.com/SnapKit/SnapKit.git";
			requirement = {
				kind = upToNextMajorVersion;
				minimumVersion = 5.0.1;
			};
		};
		359DCCDE2344A63D00C4B241 /* XCRemoteSwiftPackageReference "SideMenu" */ = {
			isa = XCRemoteSwiftPackageReference;
			repositoryURL = "https://github.com/jonkykong/SideMenu.git";
			requirement = {
				kind = upToNextMajorVersion;
				minimumVersion = 6.4.3;
			};
		};
		35B6A221234E2BA000E7B2F7 /* XCRemoteSwiftPackageReference "AEXML" */ = {
			isa = XCRemoteSwiftPackageReference;
			repositoryURL = "https://github.com/tadija/AEXML";
			requirement = {
				kind = upToNextMajorVersion;
				minimumVersion = 4.5.0;
			};
		};
/* End XCRemoteSwiftPackageReference section */

/* Begin XCSwiftPackageProductDependency section */
		352892052344125000B0F31D /* Alamofire */ = {
			isa = XCSwiftPackageProductDependency;
			package = 352892042344125000B0F31D /* XCRemoteSwiftPackageReference "Alamofire" */;
			productName = Alamofire;
		};
		354DFB4E234104540087DE65 /* SnapKit */ = {
			isa = XCSwiftPackageProductDependency;
			package = 354DFB4D234104540087DE65 /* XCRemoteSwiftPackageReference "SnapKit" */;
			productName = SnapKit;
		};
		359DCCDF2344A63D00C4B241 /* SideMenu */ = {
			isa = XCSwiftPackageProductDependency;
			package = 359DCCDE2344A63D00C4B241 /* XCRemoteSwiftPackageReference "SideMenu" */;
			productName = SideMenu;
		};
		35B6A222234E2BA000E7B2F7 /* AEXML */ = {
			isa = XCSwiftPackageProductDependency;
			package = 35B6A221234E2BA000E7B2F7 /* XCRemoteSwiftPackageReference "AEXML" */;
			productName = AEXML;
		};
/* End XCSwiftPackageProductDependency section */
	};
	rootObject = 354DFB26234102D60087DE65 /* Project object */;
}
